Microsoft Visual Studio Solution File, Format Version 12.00
# Visual Studio 2012
Project("{FAE04EC0-301F-11D3-BF4B-00C04F79EFBC}") = "Daen", "Daen.csproj", "{1692E4DC-5929-4ED7-8F20-2FBCB13C616E}"
EndProject
Global
	GlobalSection(SolutionConfigurationPlatforms) = preSolution
	Debug|Any CPU = Debug|Any CPU
	ExportDebug|Any CPU = ExportDebug|Any CPU
	ExportRelease|Any CPU = ExportRelease|Any CPU
	EndGlobalSection
	GlobalSection(ProjectConfigurationPlatforms) = postSolution
		{1692E4DC-5929-4ED7-8F20-2FBCB13C616E}.Debug|Any CPU.ActiveCfg = Debug|Any CPU
		{1692E4DC-5929-4ED7-8F20-2FBCB13C616E}.Debug|Any CPU.Build.0 = Debug|Any CPU
		{1692E4DC-5929-4ED7-8F20-2FBCB13C616E}.ExportDebug|Any CPU.ActiveCfg = ExportDebug|Any CPU
		{1692E4DC-5929-4ED7-8F20-2FBCB13C616E}.ExportDebug|Any CPU.Build.0 = ExportDebug|Any CPU
		{1692E4DC-5929-4ED7-8F20-2FBCB13C616E}.ExportRelease|Any CPU.ActiveCfg = ExportRelease|Any CPU
		{1692E4DC-5929-4ED7-8F20-2FBCB13C616E}.ExportRelease|Any CPU.Build.0 = ExportRelease|Any CPU
	EndGlobalSection
EndGlobal
